// !$*UTF8*$!
{
	archiveVersion = 1;
	classes = {
	};
	objectVersion = 77;
	objects = {

/* Begin PBXBuildFile section */
		012E21D52D0172170067EACA /* InstantShare.appex in Embed ExtensionKit Extensions */ = {isa = PBXBuildFile; fileRef = 012E21CC2D0172170067EACA /* InstantShare.appex */; settings = {ATTRIBUTES = (RemoveHeadersOnCopy, ); }; };
		27DE93699D2D148FF33C7FEF /* Pods_InstantShare_InstantShareIntentUITests.framework in Frameworks */ = {isa = PBXBuildFile; fileRef = BA0E38A46AB78FD5DC5F4043 /* Pods_InstantShare_InstantShareIntentUITests.framework */; };
		4F2118E8E0C1D01145591E91 /* Pods_InstantShare.framework in Frameworks */ = {isa = PBXBuildFile; fileRef = 83BEB6A88B555707F24144CC /* Pods_InstantShare.framework */; };
		A05D06FAD061BD2EB6C78D6B /* Pods_InstantShareIntentTests.framework in Frameworks */ = {isa = PBXBuildFile; fileRef = D45D8BA37AA0201ACAF98829 /* Pods_InstantShareIntentTests.framework */; };
		FB498D4C03FEB4F74B06C9AD /* Pods_InstantShareIntent.framework in Frameworks */ = {isa = PBXBuildFile; fileRef = B9C4302B54CB50B89934896C /* Pods_InstantShareIntent.framework */; };
/* End PBXBuildFile section */

/* Begin PBXContainerItemProxy section */
		012E21AC2D0171DF0067EACA /* PBXContainerItemProxy */ = {
			isa = PBXContainerItemProxy;
			containerPortal = 012E21932D0171DD0067EACA /* Project object */;
			proxyType = 1;
			remoteGlobalIDString = 012E219A2D0171DD0067EACA;
			remoteInfo = InstantShareIntent;
		};
		012E21B62D0171DF0067EACA /* PBXContainerItemProxy */ = {
			isa = PBXContainerItemProxy;
			containerPortal = 012E21932D0171DD0067EACA /* Project object */;
			proxyType = 1;
			remoteGlobalIDString = 012E219A2D0171DD0067EACA;
			remoteInfo = InstantShareIntent;
		};
		012E21D32D0172170067EACA /* PBXContainerItemProxy */ = {
			isa = PBXContainerItemProxy;
			containerPortal = 012E21932D0171DD0067EACA /* Project object */;
			proxyType = 1;
			remoteGlobalIDString = 012E21CB2D0172170067EACA;
			remoteInfo = InstantShare;
		};
/* End PBXContainerItemProxy section */

/* Begin PBXCopyFilesBuildPhase section */
		012E21DA2D0172170067EACA /* Embed ExtensionKit Extensions */ = {
			isa = PBXCopyFilesBuildPhase;
			buildActionMask = 2147483647;
			dstPath = "$(EXTENSIONS_FOLDER_PATH)";
			dstSubfolderSpec = 16;
			files = (
				012E21D52D0172170067EACA /* InstantShare.appex in Embed ExtensionKit Extensions */,
			);
			name = "Embed ExtensionKit Extensions";
			runOnlyForDeploymentPostprocessing = 0;
		};
/* End PBXCopyFilesBuildPhase section */

/* Begin PBXFileReference section */
		012E219B2D0171DD0067EACA /* InstantShareIntent.app */ = {isa = PBXFileReference; explicitFileType = wrapper.application; includeInIndex = 0; path = InstantShareIntent.app; sourceTree = BUILT_PRODUCTS_DIR; };
		012E21AB2D0171DF0067EACA /* InstantShareIntentTests.xctest */ = {isa = PBXFileReference; explicitFileType = wrapper.cfbundle; includeInIndex = 0; path = InstantShareIntentTests.xctest; sourceTree = BUILT_PRODUCTS_DIR; };
		012E21B52D0171DF0067EACA /* InstantShareIntentUITests.xctest */ = {isa = PBXFileReference; explicitFileType = wrapper.cfbundle; includeInIndex = 0; path = InstantShareIntentUITests.xctest; sourceTree = BUILT_PRODUCTS_DIR; };
		012E21CC2D0172170067EACA /* InstantShare.appex */ = {isa = PBXFileReference; explicitFileType = "wrapper.extensionkit-extension"; includeInIndex = 0; path = InstantShare.appex; sourceTree = BUILT_PRODUCTS_DIR; };
		023990B9D22F9C2EEECD58BE /* Pods-InstantShareIntent.debug.xcconfig */ = {isa = PBXFileReference; includeInIndex = 1; lastKnownFileType = text.xcconfig; name = "Pods-InstantShareIntent.debug.xcconfig"; path = "Target Support Files/Pods-InstantShareIntent/Pods-InstantShareIntent.debug.xcconfig"; sourceTree = "<group>"; };
		36923E4B437BD8504741D9D9 /* Pods-InstantShareIntentTests.debug.xcconfig */ = {isa = PBXFileReference; includeInIndex = 1; lastKnownFileType = text.xcconfig; name = "Pods-InstantShareIntentTests.debug.xcconfig"; path = "Target Support Files/Pods-InstantShareIntentTests/Pods-InstantShareIntentTests.debug.xcconfig"; sourceTree = "<group>"; };
		50B28A427CA9F77949CB01BF /* Pods-InstantShareIntent.release.xcconfig */ = {isa = PBXFileReference; includeInIndex = 1; lastKnownFileType = text.xcconfig; name = "Pods-InstantShareIntent.release.xcconfig"; path = "Target Support Files/Pods-InstantShareIntent/Pods-InstantShareIntent.release.xcconfig"; sourceTree = "<group>"; };
		7FDED3DD01644E6B3E5BC540 /* Pods-InstantShareIntentTests.release.xcconfig */ = {isa = PBXFileReference; includeInIndex = 1; lastKnownFileType = text.xcconfig; name = "Pods-InstantShareIntentTests.release.xcconfig"; path = "Target Support Files/Pods-InstantShareIntentTests/Pods-InstantShareIntentTests.release.xcconfig"; sourceTree = "<group>"; };
		83BEB6A88B555707F24144CC /* Pods_InstantShare.framework */ = {isa = PBXFileReference; explicitFileType = wrapper.framework; includeInIndex = 0; path = Pods_InstantShare.framework; sourceTree = BUILT_PRODUCTS_DIR; };
		8B7E6184B5BB96BA0F522F85 /* Pods-InstantShare-InstantShareIntentUITests.debug.xcconfig */ = {isa = PBXFileReference; includeInIndex = 1; lastKnownFileType = text.xcconfig; name = "Pods-InstantShare-InstantShareIntentUITests.debug.xcconfig"; path = "Target Support Files/Pods-InstantShare-InstantShareIntentUITests/Pods-InstantShare-InstantShareIntentUITests.debug.xcconfig"; sourceTree = "<group>"; };
		A4C6BD21C6B1FF2E4AAECA3D /* Pods-InstantShare-InstantShareIntentUITests.release.xcconfig */ = {isa = PBXFileReference; includeInIndex = 1; lastKnownFileType = text.xcconfig; name = "Pods-InstantShare-InstantShareIntentUITests.release.xcconfig"; path = "Target Support Files/Pods-InstantShare-InstantShareIntentUITests/Pods-InstantShare-InstantShareIntentUITests.release.xcconfig"; sourceTree = "<group>"; };
		B9C4302B54CB50B89934896C /* Pods_InstantShareIntent.framework */ = {isa = PBXFileReference; explicitFileType = wrapper.framework; includeInIndex = 0; path = Pods_InstantShareIntent.framework; sourceTree = BUILT_PRODUCTS_DIR; };
		BA0E38A46AB78FD5DC5F4043 /* Pods_InstantShare_InstantShareIntentUITests.framework */ = {isa = PBXFileReference; explicitFileType = wrapper.framework; includeInIndex = 0; path = Pods_InstantShare_InstantShareIntentUITests.framework; sourceTree = BUILT_PRODUCTS_DIR; };
		C5B359EF0513B7B9F4EEC8B6 /* Pods-InstantShare.release.xcconfig */ = {isa = PBXFileReference; includeInIndex = 1; lastKnownFileType = text.xcconfig; name = "Pods-InstantShare.release.xcconfig"; path = "Target Support Files/Pods-InstantShare/Pods-InstantShare.release.xcconfig"; sourceTree = "<group>"; };
		D45D8BA37AA0201ACAF98829 /* Pods_InstantShareIntentTests.framework */ = {isa = PBXFileReference; explicitFileType = wrapper.framework; includeInIndex = 0; path = Pods_InstantShareIntentTests.framework; sourceTree = BUILT_PRODUCTS_DIR; };
		F4437C8366CF005D07878EBC /* Pods-InstantShare.debug.xcconfig */ = {isa = PBXFileReference; includeInIndex = 1; lastKnownFileType = text.xcconfig; name = "Pods-InstantShare.debug.xcconfig"; path = "Target Support Files/Pods-InstantShare/Pods-InstantShare.debug.xcconfig"; sourceTree = "<group>"; };
/* End PBXFileReference section */

/* Begin PBXFileSystemSynchronizedBuildFileExceptionSet section */
		012E21D62D0172170067EACA /* Exceptions for "InstantShare" folder in "InstantShare" target */ = {
			isa = PBXFileSystemSynchronizedBuildFileExceptionSet;
			membershipExceptions = (
				Info.plist,
			);
			target = 012E21CB2D0172170067EACA /* InstantShare */;
		};
/* End PBXFileSystemSynchronizedBuildFileExceptionSet section */

/* Begin PBXFileSystemSynchronizedRootGroup section */
		012E219D2D0171DD0067EACA /* InstantShareIntent */ = {
			isa = PBXFileSystemSynchronizedRootGroup;
			exceptions = (
			);
			path = InstantShareIntent;
			sourceTree = "<group>";
		};
		012E21AE2D0171DF0067EACA /* InstantShareIntentTests */ = {
			isa = PBXFileSystemSynchronizedRootGroup;
			exceptions = (
			);
			path = InstantShareIntentTests;
			sourceTree = "<group>";
		};
		012E21B82D0171DF0067EACA /* InstantShareIntentUITests */ = {
			isa = PBXFileSystemSynchronizedRootGroup;
			exceptions = (
			);
			path = InstantShareIntentUITests;
			sourceTree = "<group>";
		};
		012E21CD2D0172170067EACA /* InstantShare */ = {
			isa = PBXFileSystemSynchronizedRootGroup;
			exceptions = (
				012E21D62D0172170067EACA /* Exceptions for "InstantShare" folder in "InstantShare" target */,
			);
			path = InstantShare;
			sourceTree = "<group>";
		};
/* End PBXFileSystemSynchronizedRootGroup section */

/* Begin PBXFrameworksBuildPhase section */
		012E21982D0171DD0067EACA /* Frameworks */ = {
			isa = PBXFrameworksBuildPhase;
			buildActionMask = 2147483647;
			files = (
				FB498D4C03FEB4F74B06C9AD /* Pods_InstantShareIntent.framework in Frameworks */,
			);
			runOnlyForDeploymentPostprocessing = 0;
		};
		012E21A82D0171DF0067EACA /* Frameworks */ = {
			isa = PBXFrameworksBuildPhase;
			buildActionMask = 2147483647;
			files = (
				A05D06FAD061BD2EB6C78D6B /* Pods_InstantShareIntentTests.framework in Frameworks */,
			);
			runOnlyForDeploymentPostprocessing = 0;
		};
		012E21B22D0171DF0067EACA /* Frameworks */ = {
			isa = PBXFrameworksBuildPhase;
			buildActionMask = 2147483647;
			files = (
				27DE93699D2D148FF33C7FEF /* Pods_InstantShare_InstantShareIntentUITests.framework in Frameworks */,
			);
			runOnlyForDeploymentPostprocessing = 0;
		};
		012E21C92D0172170067EACA /* Frameworks */ = {
			isa = PBXFrameworksBuildPhase;
			buildActionMask = 2147483647;
			files = (
				4F2118E8E0C1D01145591E91 /* Pods_InstantShare.framework in Frameworks */,
			);
			runOnlyForDeploymentPostprocessing = 0;
		};
/* End PBXFrameworksBuildPhase section */

/* Begin PBXGroup section */
		012E21922D0171DD0067EACA = {
			isa = PBXGroup;
			children = (
				012E219D2D0171DD0067EACA /* InstantShareIntent */,
				012E21AE2D0171DF0067EACA /* InstantShareIntentTests */,
				012E21B82D0171DF0067EACA /* InstantShareIntentUITests */,
				012E21CD2D0172170067EACA /* InstantShare */,
				012E219C2D0171DD0067EACA /* Products */,
				506146813D414F0F7DD4007B /* Pods */,
				C4568734118044383842F9F8 /* Frameworks */,
			);
			sourceTree = "<group>";
		};
		012E219C2D0171DD0067EACA /* Products */ = {
			isa = PBXGroup;
			children = (
				012E219B2D0171DD0067EACA /* InstantShareIntent.app */,
				012E21AB2D0171DF0067EACA /* InstantShareIntentTests.xctest */,
				012E21B52D0171DF0067EACA /* InstantShareIntentUITests.xctest */,
				012E21CC2D0172170067EACA /* InstantShare.appex */,
			);
			name = Products;
			sourceTree = "<group>";
		};
		506146813D414F0F7DD4007B /* Pods */ = {
			isa = PBXGroup;
			children = (
				F4437C8366CF005D07878EBC /* Pods-InstantShare.debug.xcconfig */,
				C5B359EF0513B7B9F4EEC8B6 /* Pods-InstantShare.release.xcconfig */,
				8B7E6184B5BB96BA0F522F85 /* Pods-InstantShare-InstantShareIntentUITests.debug.xcconfig */,
				A4C6BD21C6B1FF2E4AAECA3D /* Pods-InstantShare-InstantShareIntentUITests.release.xcconfig */,
				023990B9D22F9C2EEECD58BE /* Pods-InstantShareIntent.debug.xcconfig */,
				50B28A427CA9F77949CB01BF /* Pods-InstantShareIntent.release.xcconfig */,
				36923E4B437BD8504741D9D9 /* Pods-InstantShareIntentTests.debug.xcconfig */,
				7FDED3DD01644E6B3E5BC540 /* Pods-InstantShareIntentTests.release.xcconfig */,
			);
			path = Pods;
			sourceTree = "<group>";
		};
		C4568734118044383842F9F8 /* Frameworks */ = {
			isa = PBXGroup;
			children = (
				83BEB6A88B555707F24144CC /* Pods_InstantShare.framework */,
				BA0E38A46AB78FD5DC5F4043 /* Pods_InstantShare_InstantShareIntentUITests.framework */,
				B9C4302B54CB50B89934896C /* Pods_InstantShareIntent.framework */,
				D45D8BA37AA0201ACAF98829 /* Pods_InstantShareIntentTests.framework */,
			);
			name = Frameworks;
			sourceTree = "<group>";
		};
/* End PBXGroup section */

/* Begin PBXNativeTarget section */
		012E219A2D0171DD0067EACA /* InstantShareIntent */ = {
			isa = PBXNativeTarget;
			buildConfigurationList = 012E21BF2D0171DF0067EACA /* Build configuration list for PBXNativeTarget "InstantShareIntent" */;
			buildPhases = (
				BD311FD371C2337367937068 /* [CP] Check Pods Manifest.lock */,
				012E21972D0171DD0067EACA /* Sources */,
				012E21982D0171DD0067EACA /* Frameworks */,
				012E21992D0171DD0067EACA /* Resources */,
				012E21DA2D0172170067EACA /* Embed ExtensionKit Extensions */,
			);
			buildRules = (
			);
			dependencies = (
				012E21D42D0172170067EACA /* PBXTargetDependency */,
			);
			fileSystemSynchronizedGroups = (
				012E219D2D0171DD0067EACA /* InstantShareIntent */,
			);
			name = InstantShareIntent;
			productName = InstantShareIntent;
			productReference = 012E219B2D0171DD0067EACA /* InstantShareIntent.app */;
			productType = "com.apple.product-type.application";
		};
		012E21AA2D0171DF0067EACA /* InstantShareIntentTests */ = {
			isa = PBXNativeTarget;
			buildConfigurationList = 012E21C22D0171DF0067EACA /* Build configuration list for PBXNativeTarget "InstantShareIntentTests" */;
			buildPhases = (
				E4F08B517E3FA971F9B85350 /* [CP] Check Pods Manifest.lock */,
				012E21A72D0171DF0067EACA /* Sources */,
				012E21A82D0171DF0067EACA /* Frameworks */,
				012E21A92D0171DF0067EACA /* Resources */,
			);
			buildRules = (
			);
			dependencies = (
				012E21AD2D0171DF0067EACA /* PBXTargetDependency */,
			);
			fileSystemSynchronizedGroups = (
				012E21AE2D0171DF0067EACA /* InstantShareIntentTests */,
			);
			name = InstantShareIntentTests;
			productName = InstantShareIntentTests;
			productReference = 012E21AB2D0171DF0067EACA /* InstantShareIntentTests.xctest */;
			productType = "com.apple.product-type.bundle.unit-test";
		};
		012E21B42D0171DF0067EACA /* InstantShareIntentUITests */ = {
			isa = PBXNativeTarget;
			buildConfigurationList = 012E21C52D0171DF0067EACA /* Build configuration list for PBXNativeTarget "InstantShareIntentUITests" */;
			buildPhases = (
				DF49A491AD59A39DFAB045C1 /* [CP] Check Pods Manifest.lock */,
				012E21B12D0171DF0067EACA /* Sources */,
				012E21B22D0171DF0067EACA /* Frameworks */,
				012E21B32D0171DF0067EACA /* Resources */,
			);
			buildRules = (
			);
			dependencies = (
				012E21B72D0171DF0067EACA /* PBXTargetDependency */,
			);
			fileSystemSynchronizedGroups = (
				012E21B82D0171DF0067EACA /* InstantShareIntentUITests */,
			);
			name = InstantShareIntentUITests;
			productName = InstantShareIntentUITests;
			productReference = 012E21B52D0171DF0067EACA /* InstantShareIntentUITests.xctest */;
			productType = "com.apple.product-type.bundle.ui-testing";
		};
		012E21CB2D0172170067EACA /* InstantShare */ = {
			isa = PBXNativeTarget;
			buildConfigurationList = 012E21D72D0172170067EACA /* Build configuration list for PBXNativeTarget "InstantShare" */;
			buildPhases = (
				9585807D8130EEDEB5F7089C /* [CP] Check Pods Manifest.lock */,
				012E21C82D0172170067EACA /* Sources */,
				012E21C92D0172170067EACA /* Frameworks */,
				012E21CA2D0172170067EACA /* Resources */,
			);
			buildRules = (
			);
			dependencies = (
			);
			fileSystemSynchronizedGroups = (
				012E21CD2D0172170067EACA /* InstantShare */,
			);
			name = InstantShare;
			productName = InstantShare;
			productReference = 012E21CC2D0172170067EACA /* InstantShare.appex */;
			productType = "com.apple.product-type.extensionkit-extension";
		};
/* End PBXNativeTarget section */

/* Begin PBXProject section */
		012E21932D0171DD0067EACA /* Project object */ = {
			isa = PBXProject;
			attributes = {
				BuildIndependentTargetsInParallel = 1;
				LastSwiftUpdateCheck = 1600;
				LastUpgradeCheck = 1600;
				TargetAttributes = {
					012E219A2D0171DD0067EACA = {
						CreatedOnToolsVersion = 16.0;
					};
					012E21AA2D0171DF0067EACA = {
						CreatedOnToolsVersion = 16.0;
						TestTargetID = 012E219A2D0171DD0067EACA;
					};
					012E21B42D0171DF0067EACA = {
						CreatedOnToolsVersion = 16.0;
						TestTargetID = 012E219A2D0171DD0067EACA;
					};
					012E21CB2D0172170067EACA = {
						CreatedOnToolsVersion = 16.0;
					};
				};
			};
			buildConfigurationList = 012E21962D0171DD0067EACA /* Build configuration list for PBXProject "InstantShareIntent" */;
			developmentRegion = en;
			hasScannedForEncodings = 0;
			knownRegions = (
				en,
				Base,
			);
			mainGroup = 012E21922D0171DD0067EACA;
			minimizedProjectReferenceProxies = 1;
			preferredProjectObjectVersion = 77;
			productRefGroup = 012E219C2D0171DD0067EACA /* Products */;
			projectDirPath = "";
			projectRoot = "";
			targets = (
				012E219A2D0171DD0067EACA /* InstantShareIntent */,
				012E21AA2D0171DF0067EACA /* InstantShareIntentTests */,
				012E21B42D0171DF0067EACA /* InstantShareIntentUITests */,
				012E21CB2D0172170067EACA /* InstantShare */,
			);
		};
/* End PBXProject section */

/* Begin PBXResourcesBuildPhase section */
		012E21992D0171DD0067EACA /* Resources */ = {
			isa = PBXResourcesBuildPhase;
			buildActionMask = 2147483647;
			files = (
			);
			runOnlyForDeploymentPostprocessing = 0;
		};
		012E21A92D0171DF0067EACA /* Resources */ = {
			isa = PBXResourcesBuildPhase;
			buildActionMask = 2147483647;
			files = (
			);
			runOnlyForDeploymentPostprocessing = 0;
		};
		012E21B32D0171DF0067EACA /* Resources */ = {
			isa = PBXResourcesBuildPhase;
			buildActionMask = 2147483647;
			files = (
			);
			runOnlyForDeploymentPostprocessing = 0;
		};
		012E21CA2D0172170067EACA /* Resources */ = {
			isa = PBXResourcesBuildPhase;
			buildActionMask = 2147483647;
			files = (
			);
			runOnlyForDeploymentPostprocessing = 0;
		};
/* End PBXResourcesBuildPhase section */

/* Begin PBXShellScriptBuildPhase section */
		9585807D8130EEDEB5F7089C /* [CP] Check Pods Manifest.lock */ = {
			isa = PBXShellScriptBuildPhase;
			buildActionMask = 2147483647;
			files = (
			);
			inputFileListPaths = (
			);
			inputPaths = (
				"${PODS_PODFILE_DIR_PATH}/Podfile.lock",
				"${PODS_ROOT}/Manifest.lock",
			);
			name = "[CP] Check Pods Manifest.lock";
			outputFileListPaths = (
			);
			outputPaths = (
				"$(DERIVED_FILE_DIR)/Pods-InstantShare-checkManifestLockResult.txt",
			);
			runOnlyForDeploymentPostprocessing = 0;
			shellPath = /bin/sh;
			shellScript = "diff \"${PODS_PODFILE_DIR_PATH}/Podfile.lock\" \"${PODS_ROOT}/Manifest.lock\" > /dev/null\nif [ $? != 0 ] ; then\n    # print error to STDERR\n    echo \"error: The sandbox is not in sync with the Podfile.lock. Run 'pod install' or update your CocoaPods installation.\" >&2\n    exit 1\nfi\n# This output is used by Xcode 'outputs' to avoid re-running this script phase.\necho \"SUCCESS\" > \"${SCRIPT_OUTPUT_FILE_0}\"\n";
			showEnvVarsInLog = 0;
		};
		BD311FD371C2337367937068 /* [CP] Check Pods Manifest.lock */ = {
			isa = PBXShellScriptBuildPhase;
			buildActionMask = 2147483647;
			files = (
			);
			inputFileListPaths = (
			);
			inputPaths = (
				"${PODS_PODFILE_DIR_PATH}/Podfile.lock",
				"${PODS_ROOT}/Manifest.lock",
			);
			name = "[CP] Check Pods Manifest.lock";
			outputFileListPaths = (
			);
			outputPaths = (
				"$(DERIVED_FILE_DIR)/Pods-InstantShareIntent-checkManifestLockResult.txt",
			);
			runOnlyForDeploymentPostprocessing = 0;
			shellPath = /bin/sh;
			shellScript = "diff \"${PODS_PODFILE_DIR_PATH}/Podfile.lock\" \"${PODS_ROOT}/Manifest.lock\" > /dev/null\nif [ $? != 0 ] ; then\n    # print error to STDERR\n    echo \"error: The sandbox is not in sync with the Podfile.lock. Run 'pod install' or update your CocoaPods installation.\" >&2\n    exit 1\nfi\n# This output is used by Xcode 'outputs' to avoid re-running this script phase.\necho \"SUCCESS\" > \"${SCRIPT_OUTPUT_FILE_0}\"\n";
			showEnvVarsInLog = 0;
		};
		DF49A491AD59A39DFAB045C1 /* [CP] Check Pods Manifest.lock */ = {
			isa = PBXShellScriptBuildPhase;
			buildActionMask = 2147483647;
			files = (
			);
			inputFileListPaths = (
			);
			inputPaths = (
				"${PODS_PODFILE_DIR_PATH}/Podfile.lock",
				"${PODS_ROOT}/Manifest.lock",
			);
			name = "[CP] Check Pods Manifest.lock";
			outputFileListPaths = (
			);
			outputPaths = (
				"$(DERIVED_FILE_DIR)/Pods-InstantShare-InstantShareIntentUITests-checkManifestLockResult.txt",
			);
			runOnlyForDeploymentPostprocessing = 0;
			shellPath = /bin/sh;
			shellScript = "diff \"${PODS_PODFILE_DIR_PATH}/Podfile.lock\" \"${PODS_ROOT}/Manifest.lock\" > /dev/null\nif [ $? != 0 ] ; then\n    # print error to STDERR\n    echo \"error: The sandbox is not in sync with the Podfile.lock. Run 'pod install' or update your CocoaPods installation.\" >&2\n    exit 1\nfi\n# This output is used by Xcode 'outputs' to avoid re-running this script phase.\necho \"SUCCESS\" > \"${SCRIPT_OUTPUT_FILE_0}\"\n";
			showEnvVarsInLog = 0;
		};
		E4F08B517E3FA971F9B85350 /* [CP] Check Pods Manifest.lock */ = {
			isa = PBXShellScriptBuildPhase;
			buildActionMask = 2147483647;
			files = (
			);
			inputFileListPaths = (
			);
			inputPaths = (
				"${PODS_PODFILE_DIR_PATH}/Podfile.lock",
				"${PODS_ROOT}/Manifest.lock",
			);
			name = "[CP] Check Pods Manifest.lock";
			outputFileListPaths = (
			);
			outputPaths = (
				"$(DERIVED_FILE_DIR)/Pods-InstantShareIntentTests-checkManifestLockResult.txt",
			);
			runOnlyForDeploymentPostprocessing = 0;
			shellPath = /bin/sh;
			shellScript = "diff \"${PODS_PODFILE_DIR_PATH}/Podfile.lock\" \"${PODS_ROOT}/Manifest.lock\" > /dev/null\nif [ $? != 0 ] ; then\n    # print error to STDERR\n    echo \"error: The sandbox is not in sync with the Podfile.lock. Run 'pod install' or update your CocoaPods installation.\" >&2\n    exit 1\nfi\n# This output is used by Xcode 'outputs' to avoid re-running this script phase.\necho \"SUCCESS\" > \"${SCRIPT_OUTPUT_FILE_0}\"\n";
			showEnvVarsInLog = 0;
		};
/* End PBXShellScriptBuildPhase section */

/* Begin PBXSourcesBuildPhase section */
		012E21972D0171DD0067EACA /* Sources */ = {
			isa = PBXSourcesBuildPhase;
			buildActionMask = 2147483647;
			files = (
			);
			runOnlyForDeploymentPostprocessing = 0;
		};
		012E21A72D0171DF0067EACA /* Sources */ = {
			isa = PBXSourcesBuildPhase;
			buildActionMask = 2147483647;
			files = (
			);
			runOnlyForDeploymentPostprocessing = 0;
		};
		012E21B12D0171DF0067EACA /* Sources */ = {
			isa = PBXSourcesBuildPhase;
			buildActionMask = 2147483647;
			files = (
			);
			runOnlyForDeploymentPostprocessing = 0;
		};
		012E21C82D0172170067EACA /* Sources */ = {
			isa = PBXSourcesBuildPhase;
			buildActionMask = 2147483647;
			files = (
			);
			runOnlyForDeploymentPostprocessing = 0;
		};
/* End PBXSourcesBuildPhase section */

/* Begin PBXTargetDependency section */
		012E21AD2D0171DF0067EACA /* PBXTargetDependency */ = {
			isa = PBXTargetDependency;
			target = 012E219A2D0171DD0067EACA /* InstantShareIntent */;
			targetProxy = 012E21AC2D0171DF0067EACA /* PBXContainerItemProxy */;
		};
		012E21B72D0171DF0067EACA /* PBXTargetDependency */ = {
			isa = PBXTargetDependency;
			target = 012E219A2D0171DD0067EACA /* InstantShareIntent */;
			targetProxy = 012E21B62D0171DF0067EACA /* PBXContainerItemProxy */;
		};
		012E21D42D0172170067EACA /* PBXTargetDependency */ = {
			isa = PBXTargetDependency;
			target = 012E21CB2D0172170067EACA /* InstantShare */;
			targetProxy = 012E21D32D0172170067EACA /* PBXContainerItemProxy */;
		};
/* End PBXTargetDependency section */

/* Begin XCBuildConfiguration section */
		012E21BD2D0171DF0067EACA /* Debug */ = {
			isa = XCBuildConfiguration;
			buildSettings = {
				ALWAYS_SEARCH_USER_PATHS = NO;
				ASSETCATALOG_COMPILER_GENERATE_SWIFT_ASSET_SYMBOL_EXTENSIONS = YES;
				CLANG_ANALYZER_NONNULL = YES;
				CLANG_ANALYZER_NUMBER_OBJECT_CONVERSION = YES_AGGRESSIVE;
				CLANG_CXX_LANGUAGE_STANDARD = "gnu++20";
				CLANG_ENABLE_MODULES = YES;
				CLANG_ENABLE_OBJC_ARC = YES;
				CLANG_ENABLE_OBJC_WEAK = YES;
				CLANG_WARN_BLOCK_CAPTURE_AUTORELEASING = YES;
				CLANG_WARN_BOOL_CONVERSION = YES;
				CLANG_WARN_COMMA = YES;
				CLANG_WARN_CONSTANT_CONVERSION = YES;
				CLANG_WARN_DEPRECATED_OBJC_IMPLEMENTATIONS = YES;
				CLANG_WARN_DIRECT_OBJC_ISA_USAGE = YES_ERROR;
				CLANG_WARN_DOCUMENTATION_COMMENTS = YES;
				CLANG_WARN_EMPTY_BODY = YES;
				CLANG_WARN_ENUM_CONVERSION = YES;
				CLANG_WARN_INFINITE_RECURSION = YES;
				CLANG_WARN_INT_CONVERSION = YES;
				CLANG_WARN_NON_LITERAL_NULL_CONVERSION = YES;
				CLANG_WARN_OBJC_IMPLICIT_RETAIN_SELF = YES;
				CLANG_WARN_OBJC_LITERAL_CONVERSION = YES;
				CLANG_WARN_OBJC_ROOT_CLASS = YES_ERROR;
				CLANG_WARN_QUOTED_INCLUDE_IN_FRAMEWORK_HEADER = YES;
				CLANG_WARN_RANGE_LOOP_ANALYSIS = YES;
				CLANG_WARN_STRICT_PROTOTYPES = YES;
				CLANG_WARN_SUSPICIOUS_MOVE = YES;
				CLANG_WARN_UNGUARDED_AVAILABILITY = YES_AGGRESSIVE;
				CLANG_WARN_UNREACHABLE_CODE = YES;
				CLANG_WARN__DUPLICATE_METHOD_MATCH = YES;
				COPY_PHASE_STRIP = NO;
				DEBUG_INFORMATION_FORMAT = dwarf;
				ENABLE_STRICT_OBJC_MSGSEND = YES;
				ENABLE_TESTABILITY = YES;
				ENABLE_USER_SCRIPT_SANDBOXING = YES;
				GCC_C_LANGUAGE_STANDARD = gnu17;
				GCC_DYNAMIC_NO_PIC = NO;
				GCC_NO_COMMON_BLOCKS = YES;
				GCC_OPTIMIZATION_LEVEL = 0;
				GCC_PREPROCESSOR_DEFINITIONS = (
					"DEBUG=1",
					"$(inherited)",
				);
				GCC_WARN_64_TO_32_BIT_CONVERSION = YES;
				GCC_WARN_ABOUT_RETURN_TYPE = YES_ERROR;
				GCC_WARN_UNDECLARED_SELECTOR = YES;
				GCC_WARN_UNINITIALIZED_AUTOS = YES_AGGRESSIVE;
				GCC_WARN_UNUSED_FUNCTION = YES;
				GCC_WARN_UNUSED_VARIABLE = YES;
				IPHONEOS_DEPLOYMENT_TARGET = 18.0;
				LOCALIZATION_PREFERS_STRING_CATALOGS = YES;
				MTL_ENABLE_DEBUG_INFO = INCLUDE_SOURCE;
				MTL_FAST_MATH = YES;
				ONLY_ACTIVE_ARCH = YES;
				SDKROOT = iphoneos;
				SWIFT_ACTIVE_COMPILATION_CONDITIONS = "DEBUG $(inherited)";
				SWIFT_OPTIMIZATION_LEVEL = "-Onone";
			};
			name = Debug;
		};
		012E21BE2D0171DF0067EACA /* Release */ = {
			isa = XCBuildConfiguration;
			buildSettings = {
				ALWAYS_SEARCH_USER_PATHS = NO;
				ASSETCATALOG_COMPILER_GENERATE_SWIFT_ASSET_SYMBOL_EXTENSIONS = YES;
				CLANG_ANALYZER_NONNULL = YES;
				CLANG_ANALYZER_NUMBER_OBJECT_CONVERSION = YES_AGGRESSIVE;
				CLANG_CXX_LANGUAGE_STANDARD = "gnu++20";
				CLANG_ENABLE_MODULES = YES;
				CLANG_ENABLE_OBJC_ARC = YES;
				CLANG_ENABLE_OBJC_WEAK = YES;
				CLANG_WARN_BLOCK_CAPTURE_AUTORELEASING = YES;
				CLANG_WARN_BOOL_CONVERSION = YES;
				CLANG_WARN_COMMA = YES;
				CLANG_WARN_CONSTANT_CONVERSION = YES;
				CLANG_WARN_DEPRECATED_OBJC_IMPLEMENTATIONS = YES;
				CLANG_WARN_DIRECT_OBJC_ISA_USAGE = YES_ERROR;
				CLANG_WARN_DOCUMENTATION_COMMENTS = YES;
				CLANG_WARN_EMPTY_BODY = YES;
				CLANG_WARN_ENUM_CONVERSION = YES;
				CLANG_WARN_INFINITE_RECURSION = YES;
				CLANG_WARN_INT_CONVERSION = YES;
				CLANG_WARN_NON_LITERAL_NULL_CONVERSION = YES;
				CLANG_WARN_OBJC_IMPLICIT_RETAIN_SELF = YES;
				CLANG_WARN_OBJC_LITERAL_CONVERSION = YES;
				CLANG_WARN_OBJC_ROOT_CLASS = YES_ERROR;
				CLANG_WARN_QUOTED_INCLUDE_IN_FRAMEWORK_HEADER = YES;
				CLANG_WARN_RANGE_LOOP_ANALYSIS = YES;
				CLANG_WARN_STRICT_PROTOTYPES = YES;
				CLANG_WARN_SUSPICIOUS_MOVE = YES;
				CLANG_WARN_UNGUARDED_AVAILABILITY = YES_AGGRESSIVE;
				CLANG_WARN_UNREACHABLE_CODE = YES;
				CLANG_WARN__DUPLICATE_METHOD_MATCH = YES;
				COPY_PHASE_STRIP = NO;
				DEBUG_INFORMATION_FORMAT = "dwarf-with-dsym";
				ENABLE_NS_ASSERTIONS = NO;
				ENABLE_STRICT_OBJC_MSGSEND = YES;
				ENABLE_USER_SCRIPT_SANDBOXING = YES;
				GCC_C_LANGUAGE_STANDARD = gnu17;
				GCC_NO_COMMON_BLOCKS = YES;
				GCC_WARN_64_TO_32_BIT_CONVERSION = YES;
				GCC_WARN_ABOUT_RETURN_TYPE = YES_ERROR;
				GCC_WARN_UNDECLARED_SELECTOR = YES;
				GCC_WARN_UNINITIALIZED_AUTOS = YES_AGGRESSIVE;
				GCC_WARN_UNUSED_FUNCTION = YES;
				GCC_WARN_UNUSED_VARIABLE = YES;
				IPHONEOS_DEPLOYMENT_TARGET = 18.0;
				LOCALIZATION_PREFERS_STRING_CATALOGS = YES;
				MTL_ENABLE_DEBUG_INFO = NO;
				MTL_FAST_MATH = YES;
				SDKROOT = iphoneos;
				SWIFT_COMPILATION_MODE = wholemodule;
				VALIDATE_PRODUCT = YES;
			};
			name = Release;
		};
		012E21C02D0171DF0067EACA /* Debug */ = {
			isa = XCBuildConfiguration;
			baseConfigurationReference = 023990B9D22F9C2EEECD58BE /* Pods-InstantShareIntent.debug.xcconfig */;
			buildSettings = {
				ASSETCATALOG_COMPILER_APPICON_NAME = AppIcon;
				ASSETCATALOG_COMPILER_GLOBAL_ACCENT_COLOR_NAME = AccentColor;
				CODE_SIGN_STYLE = Automatic;
				CURRENT_PROJECT_VERSION = 1;
				DEVELOPMENT_ASSET_PATHS = "\"InstantShareIntent/Preview Content\"";
				DEVELOPMENT_TEAM = J3MA58PS4Y;
				ENABLE_PREVIEWS = YES;
				GENERATE_INFOPLIST_FILE = YES;
				INFOPLIST_KEY_UIApplicationSceneManifest_Generation = YES;
				INFOPLIST_KEY_UIApplicationSupportsIndirectInputEvents = YES;
				INFOPLIST_KEY_UILaunchScreen_Generation = YES;
				INFOPLIST_KEY_UISupportedInterfaceOrientations_iPad = "UIInterfaceOrientationPortrait UIInterfaceOrientationPortraitUpsideDown UIInterfaceOrientationLandscapeLeft UIInterfaceOrientationLandscapeRight";
				INFOPLIST_KEY_UISupportedInterfaceOrientations_iPhone = "UIInterfaceOrientationPortrait UIInterfaceOrientationLandscapeLeft UIInterfaceOrientationLandscapeRight";
				LD_RUNPATH_SEARCH_PATHS = (
					"$(inherited)",
					"@executable_path/Frameworks",
				);
				MARKETING_VERSION = 1.0;
				PRODUCT_BUNDLE_IDENTIFIER = com.smoose.InstantShareIntent;
				PRODUCT_NAME = "$(TARGET_NAME)";
				SWIFT_EMIT_LOC_STRINGS = YES;
				SWIFT_VERSION = 5.0;
				TARGETED_DEVICE_FAMILY = "1,2";
			};
			name = Debug;
		};
		012E21C12D0171DF0067EACA /* Release */ = {
			isa = XCBuildConfiguration;
			baseConfigurationReference = 50B28A427CA9F77949CB01BF /* Pods-InstantShareIntent.release.xcconfig */;
			buildSettings = {
				ASSETCATALOG_COMPILER_APPICON_NAME = AppIcon;
				ASSETCATALOG_COMPILER_GLOBAL_ACCENT_COLOR_NAME = AccentColor;
				CODE_SIGN_STYLE = Automatic;
				CURRENT_PROJECT_VERSION = 1;
				DEVELOPMENT_ASSET_PATHS = "\"InstantShareIntent/Preview Content\"";
				DEVELOPMENT_TEAM = J3MA58PS4Y;
				ENABLE_PREVIEWS = YES;
				GENERATE_INFOPLIST_FILE = YES;
				INFOPLIST_KEY_UIApplicationSceneManifest_Generation = YES;
				INFOPLIST_KEY_UIApplicationSupportsIndirectInputEvents = YES;
				INFOPLIST_KEY_UILaunchScreen_Generation = YES;
				INFOPLIST_KEY_UISupportedInterfaceOrientations_iPad = "UIInterfaceOrientationPortrait UIInterfaceOrientationPortraitUpsideDown UIInterfaceOrientationLandscapeLeft UIInterfaceOrientationLandscapeRight";
				INFOPLIST_KEY_UISupportedInterfaceOrientations_iPhone = "UIInterfaceOrientationPortrait UIInterfaceOrientationLandscapeLeft UIInterfaceOrientationLandscapeRight";
				LD_RUNPATH_SEARCH_PATHS = (
					"$(inherited)",
					"@executable_path/Frameworks",
				);
				MARKETING_VERSION = 1.0;
				PRODUCT_BUNDLE_IDENTIFIER = com.smoose.InstantShareIntent;
				PRODUCT_NAME = "$(TARGET_NAME)";
				SWIFT_EMIT_LOC_STRINGS = YES;
				SWIFT_VERSION = 5.0;
				TARGETED_DEVICE_FAMILY = "1,2";
			};
			name = Release;
		};
		012E21C32D0171DF0067EACA /* Debug */ = {
			isa = XCBuildConfiguration;
			baseConfigurationReference = 36923E4B437BD8504741D9D9 /* Pods-InstantShareIntentTests.debug.xcconfig */;
			buildSettings = {
				BUNDLE_LOADER = "$(TEST_HOST)";
				CODE_SIGN_STYLE = Automatic;
				CURRENT_PROJECT_VERSION = 1;
				DEVELOPMENT_TEAM = J3MA58PS4Y;
				GENERATE_INFOPLIST_FILE = YES;
				IPHONEOS_DEPLOYMENT_TARGET = 18.0;
				MARKETING_VERSION = 1.0;
				PRODUCT_BUNDLE_IDENTIFIER = com.smoose.InstantShareIntentTests;
				PRODUCT_NAME = "$(TARGET_NAME)";
				SWIFT_EMIT_LOC_STRINGS = NO;
				SWIFT_VERSION = 5.0;
				TARGETED_DEVICE_FAMILY = "1,2";
				TEST_HOST = "$(BUILT_PRODUCTS_DIR)/InstantShareIntent.app/$(BUNDLE_EXECUTABLE_FOLDER_PATH)/InstantShareIntent";
			};
			name = Debug;
		};
		012E21C42D0171DF0067EACA /* Release */ = {
			isa = XCBuildConfiguration;
			baseConfigurationReference = 7FDED3DD01644E6B3E5BC540 /* Pods-InstantShareIntentTests.release.xcconfig */;
			buildSettings = {
				BUNDLE_LOADER = "$(TEST_HOST)";
				CODE_SIGN_STYLE = Automatic;
				CURRENT_PROJECT_VERSION = 1;
				DEVELOPMENT_TEAM = J3MA58PS4Y;
				GENERATE_INFOPLIST_FILE = YES;
				IPHONEOS_DEPLOYMENT_TARGET = 18.0;
				MARKETING_VERSION = 1.0;
				PRODUCT_BUNDLE_IDENTIFIER = com.smoose.InstantShareIntentTests;
				PRODUCT_NAME = "$(TARGET_NAME)";
				SWIFT_EMIT_LOC_STRINGS = NO;
				SWIFT_VERSION = 5.0;
				TARGETED_DEVICE_FAMILY = "1,2";
				TEST_HOST = "$(BUILT_PRODUCTS_DIR)/InstantShareIntent.app/$(BUNDLE_EXECUTABLE_FOLDER_PATH)/InstantShareIntent";
			};
			name = Release;
		};
		012E21C62D0171DF0067EACA /* Debug */ = {
			isa = XCBuildConfiguration;
			baseConfigurationReference = 8B7E6184B5BB96BA0F522F85 /* Pods-InstantShare-InstantShareIntentUITests.debug.xcconfig */;
			buildSettings = {
				CODE_SIGN_STYLE = Automatic;
				CURRENT_PROJECT_VERSION = 1;
				DEVELOPMENT_TEAM = J3MA58PS4Y;
				GENERATE_INFOPLIST_FILE = YES;
				MARKETING_VERSION = 1.0;
				PRODUCT_BUNDLE_IDENTIFIER = com.smoose.InstantShareIntentUITests;
				PRODUCT_NAME = "$(TARGET_NAME)";
				SWIFT_EMIT_LOC_STRINGS = NO;
				SWIFT_VERSION = 5.0;
				TARGETED_DEVICE_FAMILY = "1,2";
				TEST_TARGET_NAME = InstantShareIntent;
			};
			name = Debug;
		};
		012E21C72D0171DF0067EACA /* Release */ = {
			isa = XCBuildConfiguration;
			baseConfigurationReference = A4C6BD21C6B1FF2E4AAECA3D /* Pods-InstantShare-InstantShareIntentUITests.release.xcconfig */;
			buildSettings = {
				CODE_SIGN_STYLE = Automatic;
				CURRENT_PROJECT_VERSION = 1;
				DEVELOPMENT_TEAM = J3MA58PS4Y;
				GENERATE_INFOPLIST_FILE = YES;
				MARKETING_VERSION = 1.0;
				PRODUCT_BUNDLE_IDENTIFIER = com.smoose.InstantShareIntentUITests;
				PRODUCT_NAME = "$(TARGET_NAME)";
				SWIFT_EMIT_LOC_STRINGS = NO;
				SWIFT_VERSION = 5.0;
				TARGETED_DEVICE_FAMILY = "1,2";
				TEST_TARGET_NAME = InstantShareIntent;
			};
			name = Release;
		};
		012E21D82D0172170067EACA /* Debug */ = {
			isa = XCBuildConfiguration;
			baseConfigurationReference = F4437C8366CF005D07878EBC /* Pods-InstantShare.debug.xcconfig */;
			buildSettings = {
				CODE_SIGN_STYLE = Automatic;
				CURRENT_PROJECT_VERSION = 1;
				DEVELOPMENT_TEAM = J3MA58PS4Y;
				GENERATE_INFOPLIST_FILE = YES;
				INFOPLIST_FILE = InstantShare/Info.plist;
				INFOPLIST_KEY_CFBundleDisplayName = InstantShare;
				INFOPLIST_KEY_NSHumanReadableCopyright = "";
				LD_RUNPATH_SEARCH_PATHS = (
					"$(inherited)",
					"@executable_path/Frameworks",
					"@executable_path/../../Frameworks",
				);
				MARKETING_VERSION = 1.0;
				PRODUCT_BUNDLE_IDENTIFIER = com.smoose.InstantShareIntent.InstantShare;
				PRODUCT_NAME = "$(TARGET_NAME)";
				SKIP_INSTALL = YES;
				SWIFT_EMIT_LOC_STRINGS = YES;
				SWIFT_VERSION = 5.0;
				TARGETED_DEVICE_FAMILY = "1,2";
			};
			name = Debug;
		};
		012E21D92D0172170067EACA /* Release */ = {
			isa = XCBuildConfiguration;
			baseConfigurationReference = C5B359EF0513B7B9F4EEC8B6 /* Pods-InstantShare.release.xcconfig */;
			buildSettings = {
				CODE_SIGN_STYLE = Automatic;
				CURRENT_PROJECT_VERSION = 1;
				DEVELOPMENT_TEAM = J3MA58PS4Y;
				GENERATE_INFOPLIST_FILE = YES;
				INFOPLIST_FILE = InstantShare/Info.plist;
				INFOPLIST_KEY_CFBundleDisplayName = InstantShare;
				INFOPLIST_KEY_NSHumanReadableCopyright = "";
				LD_RUNPATH_SEARCH_PATHS = (
					"$(inherited)",
					"@executable_path/Frameworks",
					"@executable_path/../../Frameworks",
				);
				MARKETING_VERSION = 1.0;
				PRODUCT_BUNDLE_IDENTIFIER = com.smoose.InstantShareIntent.InstantShare;
				PRODUCT_NAME = "$(TARGET_NAME)";
				SKIP_INSTALL = YES;
				SWIFT_EMIT_LOC_STRINGS = YES;
				SWIFT_VERSION = 5.0;
				TARGETED_DEVICE_FAMILY = "1,2";
			};
			name = Release;
		};
/* End XCBuildConfiguration section */

/* Begin XCConfigurationList section */
		012E21962D0171DD0067EACA /* Build configuration list for PBXProject "InstantShareIntent" */ = {
			isa = XCConfigurationList;
			buildConfigurations = (
				012E21BD2D0171DF0067EACA /* Debug */,
				012E21BE2D0171DF0067EACA /* Release */,
			);
			defaultConfigurationIsVisible = 0;
			defaultConfigurationName = Release;
		};
		012E21BF2D0171DF0067EACA /* Build configuration list for PBXNativeTarget "InstantShareIntent" */ = {
			isa = XCConfigurationList;
			buildConfigurations = (
				012E21C02D0171DF0067EACA /* Debug */,
				012E21C12D0171DF0067EACA /* Release */,
			);
			defaultConfigurationIsVisible = 0;
			defaultConfigurationName = Release;
		};
		012E21C22D0171DF0067EACA /* Build configuration list for PBXNativeTarget "InstantShareIntentTests" */ = {
			isa = XCConfigurationList;
			buildConfigurations = (
				012E21C32D0171DF0067EACA /* Debug */,
				012E21C42D0171DF0067EACA /* Release */,
			);
			defaultConfigurationIsVisible = 0;
			defaultConfigurationName = Release;
		};
		012E21C52D0171DF0067EACA /* Build configuration list for PBXNativeTarget "InstantShareIntentUITests" */ = {
			isa = XCConfigurationList;
			buildConfigurations = (
				012E21C62D0171DF0067EACA /* Debug */,
				012E21C72D0171DF0067EACA /* Release */,
			);
			defaultConfigurationIsVisible = 0;
			defaultConfigurationName = Release;
		};
		012E21D72D0172170067EACA /* Build configuration list for PBXNativeTarget "InstantShare" */ = {
			isa = XCConfigurationList;
			buildConfigurations = (
				012E21D82D0172170067EACA /* Debug */,
				012E21D92D0172170067EACA /* Release */,
			);
			defaultConfigurationIsVisible = 0;
			defaultConfigurationName = Release;
		};
/* End XCConfigurationList section */
	};
	rootObject = 012E21932D0171DD0067EACA /* Project object */;
}
